{
    "_meta": {
        "hash": {
            "sha256": "4ccfddbf70de2812c2b0ef85a10ffb4e0037e51690a421d737ae8f21742db222"
        },
        "pipfile-spec": 6,
        "requires": {
            "python_version": "3.7"
        },
        "sources": [
            {
                "name": "pypi",
                "url": "https://pypi.org/simple",
                "verify_ssl": true
            }
        ]
    },
    "default": {
        "gunicorn": {
            "hashes": [
                "sha256:aa8e0b40b4157b36a5df5e599f45c9c76d6af43845ba3b3b0efe2c70473c2471",
                "sha256:fa2662097c66f920f53f70621c6c58ca4a3c4d3434205e608e121b5b3b71f4f3"
            ],
            "index": "pypi",
            "version": "==19.9.0"
        },
        "parse": {
            "hashes": [
                "sha256:a5fca7000c6588d77bc65c28f3f21bfce03b5e44daa8f9f07c17fe364990d717",
                "sha256:aebfd0e3fd6fbac770f0c54c755fccf556d268841d6da9be94c8b174f405b13d"
            ],
            "index": "pypi",
            "version": "==1.12.1"
        }
    },
    "develop": {}
}
